// !$*UTF8*$!
{
	archiveVersion = 1;
	classes = {
	};
	objectVersion = 77;
	objects = {

/* Begin PBXBuildFile section */
		88869F3E2EF283E6007C332A /* TVServices.framework in Frameworks */ = {isa = PBXBuildFile; fileRef = 88869F3D2EF283E6007C332A /* TVServices.framework */; };
		88869F452EF283E6007C332A /* SwimStatsTVTopShelf.appex in Embed Foundation Extensions */ = {isa = PBXBuildFile; fileRef = 88869F3B2EF283E6007C332A /* SwimStatsTVTopShelf.appex */; settings = {ATTRIBUTES = (RemoveHeadersOnCopy, ); }; };
/* End PBXBuildFile section */

/* Begin PBXContainerItemProxy section */
		88869F432EF283E6007C332A /* PBXContainerItemProxy */ = {
			isa = PBXContainerItemProxy;
			containerPortal = 88869F172EF28250007C332A /* Project object */;
			proxyType = 1;
			remoteGlobalIDString = 88869F3A2EF283E6007C332A;
			remoteInfo = SwimStatsTVTopShelf;
		};
/* End PBXContainerItemProxy section */

/* Begin PBXCopyFilesBuildPhase section */
		88869F4A2EF283E6007C332A /* Embed Foundation Extensions */ = {
			isa = PBXCopyFilesBuildPhase;
			buildActionMask = 2147483647;
			dstPath = "";
			dstSubfolderSpec = 13;
			files = (
				88869F452EF283E6007C332A /* SwimStatsTVTopShelf.appex in Embed Foundation Extensions */,
			);
			name = "Embed Foundation Extensions";
			runOnlyForDeploymentPostprocessing = 0;
		};
/* End PBXCopyFilesBuildPhase section */

/* Begin PBXFileReference section */
		88869F1F2EF28250007C332A /* SwimStatsTV.app */ = {isa = PBXFileReference; explicitFileType = wrapper.application; includeInIndex = 0; path = SwimStatsTV.app; sourceTree = BUILT_PRODUCTS_DIR; };
		88869F3B2EF283E6007C332A /* SwimStatsTVTopShelf.appex */ = {isa = PBXFileReference; explicitFileType = "wrapper.app-extension"; includeInIndex = 0; path = SwimStatsTVTopShelf.appex; sourceTree = BUILT_PRODUCTS_DIR; };
		88869F3D2EF283E6007C332A /* TVServices.framework */ = {isa = PBXFileReference; lastKnownFileType = wrapper.framework; name = TVServices.framework; path = System/Library/Frameworks/TVServices.framework; sourceTree = SDKROOT; };
/* End PBXFileReference section */

/* Begin PBXFileSystemSynchronizedBuildFileExceptionSet section */
		882E17B02EF568FA0049A14B /* Exceptions for "SwimStatsTV" folder in "SwimStatsTV" target */ = {
			isa = PBXFileSystemSynchronizedBuildFileExceptionSet;
			membershipExceptions = (
				Info.plist,
			);
			target = 88869F1E2EF28250007C332A /* SwimStatsTV */;
		};
		88869F462EF283E6007C332A /* Exceptions for "SwimStatsTVTopShelf" folder in "SwimStatsTVTopShelf" target */ = {
			isa = PBXFileSystemSynchronizedBuildFileExceptionSet;
			membershipExceptions = (
				Info.plist,
			);
			target = 88869F3A2EF283E6007C332A /* SwimStatsTVTopShelf */;
		};
		88869F4F2EF2849F007C332A /* Exceptions for "SwimStatsTV" folder in "SwimStatsTVTopShelf" target */ = {
			isa = PBXFileSystemSynchronizedBuildFileExceptionSet;
			membershipExceptions = (
				agc_25_girls.json,
				Assets.xcassets,
				ContentView.swift,
				farwestern_25_girls.json,
				icon_backstroke.png,
				icon_breaststroke.png,
				icon_butterfly.png,
				icon_freestyle.png,
				icon_im.png,
				"motivational_24_girls_11-12.json",
				pool_texture.png,
				SwimAnalysis.swift,
				SwimCardRenderer.swift,
				SwimmerDetailView.swift,
				SwimStandards.swift,
				SwimStatsModels.swift,
				SwimStatsNetwork.swift,
				SwimStatsTVApp.swift,
			);
			target = 88869F3A2EF283E6007C332A /* SwimStatsTVTopShelf */;
		};
/* End PBXFileSystemSynchronizedBuildFileExceptionSet section */

/* Begin PBXFileSystemSynchronizedRootGroup section */
		88869F212EF28250007C332A /* SwimStatsTV */ = {
			isa = PBXFileSystemSynchronizedRootGroup;
			exceptions = (
				882E17B02EF568FA0049A14B /* Exceptions for "SwimStatsTV" folder in "SwimStatsTV" target */,
				88869F4F2EF2849F007C332A /* Exceptions for "SwimStatsTV" folder in "SwimStatsTVTopShelf" target */,
			);
			path = SwimStatsTV;
			sourceTree = "<group>";
		};
		88869F3F2EF283E6007C332A /* SwimStatsTVTopShelf */ = {
			isa = PBXFileSystemSynchronizedRootGroup;
			exceptions = (
				88869F462EF283E6007C332A /* Exceptions for "SwimStatsTVTopShelf" folder in "SwimStatsTVTopShelf" target */,
			);
			path = SwimStatsTVTopShelf;
			sourceTree = "<group>";
		};
/* End PBXFileSystemSynchronizedRootGroup section */

/* Begin PBXFrameworksBuildPhase section */
		88869F1C2EF28250007C332A /* Frameworks */ = {
			isa = PBXFrameworksBuildPhase;
			buildActionMask = 2147483647;
			files = (
			);
			runOnlyForDeploymentPostprocessing = 0;
		};
		88869F382EF283E6007C332A /* Frameworks */ = {
			isa = PBXFrameworksBuildPhase;
			buildActionMask = 2147483647;
			files = (
				88869F3E2EF283E6007C332A /* TVServices.framework in Frameworks */,
			);
			runOnlyForDeploymentPostprocessing = 0;
		};
/* End PBXFrameworksBuildPhase section */

/* Begin PBXGroup section */
		88869F162EF28250007C332A = {
			isa = PBXGroup;
			children = (
				88869F212EF28250007C332A /* SwimStatsTV */,
				88869F3F2EF283E6007C332A /* SwimStatsTVTopShelf */,
				88869F3C2EF283E6007C332A /* Frameworks */,
				88869F202EF28250007C332A /* Products */,
			);
			sourceTree = "<group>";
		};
		88869F202EF28250007C332A /* Products */ = {
			isa = PBXGroup;
			children = (
				88869F1F2EF28250007C332A /* SwimStatsTV.app */,
				88869F3B2EF283E6007C332A /* SwimStatsTVTopShelf.appex */,
			);
			name = Products;
			sourceTree = "<group>";
		};
		88869F3C2EF283E6007C332A /* Frameworks */ = {
			isa = PBXGroup;
			children = (
				88869F3D2EF283E6007C332A /* TVServices.framework */,
			);
			name = Frameworks;
			sourceTree = "<group>";
		};
/* End PBXGroup section */

/* Begin PBXNativeTarget section */
		88869F1E2EF28250007C332A /* SwimStatsTV */ = {
			isa = PBXNativeTarget;
			buildConfigurationList = 88869F2A2EF28252007C332A /* Build configuration list for PBXNativeTarget "SwimStatsTV" */;
			buildPhases = (
				88869F1B2EF28250007C332A /* Sources */,
				88869F1C2EF28250007C332A /* Frameworks */,
				88869F1D2EF28250007C332A /* Resources */,
				88869F4A2EF283E6007C332A /* Embed Foundation Extensions */,
			);
			buildRules = (
			);
			dependencies = (
				88869F442EF283E6007C332A /* PBXTargetDependency */,
			);
			fileSystemSynchronizedGroups = (
				88869F212EF28250007C332A /* SwimStatsTV */,
			);
			name = SwimStatsTV;
			packageProductDependencies = (
			);
			productName = SwimStatsTV;
			productReference = 88869F1F2EF28250007C332A /* SwimStatsTV.app */;
			productType = "com.apple.product-type.application";
		};
		88869F3A2EF283E6007C332A /* SwimStatsTVTopShelf */ = {
			isa = PBXNativeTarget;
			buildConfigurationList = 88869F472EF283E6007C332A /* Build configuration list for PBXNativeTarget "SwimStatsTVTopShelf" */;
			buildPhases = (
				88869F372EF283E6007C332A /* Sources */,
				88869F382EF283E6007C332A /* Frameworks */,
				88869F392EF283E6007C332A /* Resources */,
			);
			buildRules = (
			);
			dependencies = (
			);
			fileSystemSynchronizedGroups = (
				88869F3F2EF283E6007C332A /* SwimStatsTVTopShelf */,
			);
			name = SwimStatsTVTopShelf;
			packageProductDependencies = (
			);
			productName = SwimStatsTVTopShelf;
			productReference = 88869F3B2EF283E6007C332A /* SwimStatsTVTopShelf.appex */;
			productType = "com.apple.product-type.app-extension";
		};
/* End PBXNativeTarget section */

/* Begin PBXProject section */
		88869F172EF28250007C332A /* Project object */ = {
			isa = PBXProject;
			attributes = {
				BuildIndependentTargetsInParallel = 1;
				LastSwiftUpdateCheck = 2620;
				LastUpgradeCheck = 2620;
				TargetAttributes = {
					88869F1E2EF28250007C332A = {
						CreatedOnToolsVersion = 26.2;
					};
					88869F3A2EF283E6007C332A = {
						CreatedOnToolsVersion = 26.2;
					};
				};
			};
			buildConfigurationList = 88869F1A2EF28250007C332A /* Build configuration list for PBXProject "SwimStatsTV" */;
			developmentRegion = en;
			hasScannedForEncodings = 0;
			knownRegions = (
				en,
				Base,
			);
			mainGroup = 88869F162EF28250007C332A;
			minimizedProjectReferenceProxies = 1;
			preferredProjectObjectVersion = 77;
			productRefGroup = 88869F202EF28250007C332A /* Products */;
			projectDirPath = "";
			projectRoot = "";
			targets = (
				88869F1E2EF28250007C332A /* SwimStatsTV */,
				88869F3A2EF283E6007C332A /* SwimStatsTVTopShelf */,
			);
		};
/* End PBXProject section */

/* Begin PBXResourcesBuildPhase section */
		88869F1D2EF28250007C332A /* Resources */ = {
			isa = PBXResourcesBuildPhase;
			buildActionMask = 2147483647;
			files = (
			);
			runOnlyForDeploymentPostprocessing = 0;
		};
		88869F392EF283E6007C332A /* Resources */ = {
			isa = PBXResourcesBuildPhase;
			buildActionMask = 2147483647;
			files = (
			);
			runOnlyForDeploymentPostprocessing = 0;
		};
/* End PBXResourcesBuildPhase section */

/* Begin PBXSourcesBuildPhase section */
		88869F1B2EF28250007C332A /* Sources */ = {
			isa = PBXSourcesBuildPhase;
			buildActionMask = 2147483647;
			files = (
			);
			runOnlyForDeploymentPostprocessing = 0;
		};
		88869F372EF283E6007C332A /* Sources */ = {
			isa = PBXSourcesBuildPhase;
			buildActionMask = 2147483647;
			files = (
			);
			runOnlyForDeploymentPostprocessing = 0;
		};
/* End PBXSourcesBuildPhase section */

/* Begin PBXTargetDependency section */
		88869F442EF283E6007C332A /* PBXTargetDependency */ = {
			isa = PBXTargetDependency;
			target = 88869F3A2EF283E6007C332A /* SwimStatsTVTopShelf */;
			targetProxy = 88869F432EF283E6007C332A /* PBXContainerItemProxy */;
		};
/* End PBXTargetDependency section */

/* Begin XCBuildConfiguration section */
		88869F282EF28252007C332A /* Debug */ = {
			isa = XCBuildConfiguration;
			buildSettings = {
				ALWAYS_SEARCH_USER_PATHS = NO;
				ASSETCATALOG_COMPILER_GENERATE_SWIFT_ASSET_SYMBOL_EXTENSIONS = YES;
				CLANG_ANALYZER_NONNULL = YES;
				CLANG_ANALYZER_NUMBER_OBJECT_CONVERSION = YES_AGGRESSIVE;
				CLANG_CXX_LANGUAGE_STANDARD = "gnu++20";
				CLANG_ENABLE_MODULES = YES;
				CLANG_ENABLE_OBJC_ARC = YES;
				CLANG_ENABLE_OBJC_WEAK = YES;
				CLANG_WARN_BLOCK_CAPTURE_AUTORELEASING = YES;
				CLANG_WARN_BOOL_CONVERSION = YES;
				CLANG_WARN_COMMA = YES;
				CLANG_WARN_CONSTANT_CONVERSION = YES;
				CLANG_WARN_DEPRECATED_OBJC_IMPLEMENTATIONS = YES;
				CLANG_WARN_DIRECT_OBJC_ISA_USAGE = YES_ERROR;
				CLANG_WARN_DOCUMENTATION_COMMENTS = YES;
				CLANG_WARN_EMPTY_BODY = YES;
				CLANG_WARN_ENUM_CONVERSION = YES;
				CLANG_WARN_INFINITE_RECURSION = YES;
				CLANG_WARN_INT_CONVERSION = YES;
				CLANG_WARN_NON_LITERAL_NULL_CONVERSION = YES;
				CLANG_WARN_OBJC_IMPLICIT_RETAIN_SELF = YES;
				CLANG_WARN_OBJC_LITERAL_CONVERSION = YES;
				CLANG_WARN_OBJC_ROOT_CLASS = YES_ERROR;
				CLANG_WARN_QUOTED_INCLUDE_IN_FRAMEWORK_HEADER = YES;
				CLANG_WARN_RANGE_LOOP_ANALYSIS = YES;
				CLANG_WARN_STRICT_PROTOTYPES = YES;
				CLANG_WARN_SUSPICIOUS_MOVE = YES;
				CLANG_WARN_UNGUARDED_AVAILABILITY = YES_AGGRESSIVE;
				CLANG_WARN_UNREACHABLE_CODE = YES;
				CLANG_WARN__DUPLICATE_METHOD_MATCH = YES;
				COPY_PHASE_STRIP = NO;
				DEBUG_INFORMATION_FORMAT = dwarf;
				DEVELOPMENT_TEAM = KHE2D4P293;
				ENABLE_STRICT_OBJC_MSGSEND = YES;
				ENABLE_TESTABILITY = YES;
				ENABLE_USER_SCRIPT_SANDBOXING = YES;
				GCC_C_LANGUAGE_STANDARD = gnu17;
				GCC_DYNAMIC_NO_PIC = NO;
				GCC_NO_COMMON_BLOCKS = YES;
				GCC_OPTIMIZATION_LEVEL = 0;
				GCC_PREPROCESSOR_DEFINITIONS = (
					"DEBUG=1",
					"$(inherited)",
				);
				GCC_WARN_64_TO_32_BIT_CONVERSION = YES;
				GCC_WARN_ABOUT_RETURN_TYPE = YES_ERROR;
				GCC_WARN_UNDECLARED_SELECTOR = YES;
				GCC_WARN_UNINITIALIZED_AUTOS = YES_AGGRESSIVE;
				GCC_WARN_UNUSED_FUNCTION = YES;
				GCC_WARN_UNUSED_VARIABLE = YES;
				LOCALIZATION_PREFERS_STRING_CATALOGS = YES;
				MTL_ENABLE_DEBUG_INFO = INCLUDE_SOURCE;
				MTL_FAST_MATH = YES;
				ONLY_ACTIVE_ARCH = YES;
				SDKROOT = appletvos;
				SWIFT_ACTIVE_COMPILATION_CONDITIONS = "DEBUG $(inherited)";
				SWIFT_OPTIMIZATION_LEVEL = "-Onone";
				TVOS_DEPLOYMENT_TARGET = 26.2;
			};
			name = Debug;
		};
		88869F292EF28252007C332A /* Release */ = {
			isa = XCBuildConfiguration;
			buildSettings = {
				ALWAYS_SEARCH_USER_PATHS = NO;
				ASSETCATALOG_COMPILER_GENERATE_SWIFT_ASSET_SYMBOL_EXTENSIONS = YES;
				CLANG_ANALYZER_NONNULL = YES;
				CLANG_ANALYZER_NUMBER_OBJECT_CONVERSION = YES_AGGRESSIVE;
				CLANG_CXX_LANGUAGE_STANDARD = "gnu++20";
				CLANG_ENABLE_MODULES = YES;
				CLANG_ENABLE_OBJC_ARC = YES;
				CLANG_ENABLE_OBJC_WEAK = YES;
				CLANG_WARN_BLOCK_CAPTURE_AUTORELEASING = YES;
				CLANG_WARN_BOOL_CONVERSION = YES;
				CLANG_WARN_COMMA = YES;
				CLANG_WARN_CONSTANT_CONVERSION = YES;
				CLANG_WARN_DEPRECATED_OBJC_IMPLEMENTATIONS = YES;
				CLANG_WARN_DIRECT_OBJC_ISA_USAGE = YES_ERROR;
				CLANG_WARN_DOCUMENTATION_COMMENTS = YES;
				CLANG_WARN_EMPTY_BODY = YES;
				CLANG_WARN_ENUM_CONVERSION = YES;
				CLANG_WARN_INFINITE_RECURSION = YES;
				CLANG_WARN_INT_CONVERSION = YES;
				CLANG_WARN_NON_LITERAL_NULL_CONVERSION = YES;
				CLANG_WARN_OBJC_IMPLICIT_RETAIN_SELF = YES;
				CLANG_WARN_OBJC_LITERAL_CONVERSION = YES;
				CLANG_WARN_OBJC_ROOT_CLASS = YES_ERROR;
				CLANG_WARN_QUOTED_INCLUDE_IN_FRAMEWORK_HEADER = YES;
				CLANG_WARN_RANGE_LOOP_ANALYSIS = YES;
				CLANG_WARN_STRICT_PROTOTYPES = YES;
				CLANG_WARN_SUSPICIOUS_MOVE = YES;
				CLANG_WARN_UNGUARDED_AVAILABILITY = YES_AGGRESSIVE;
				CLANG_WARN_UNREACHABLE_CODE = YES;
				CLANG_WARN__DUPLICATE_METHOD_MATCH = YES;
				COPY_PHASE_STRIP = NO;
				DEBUG_INFORMATION_FORMAT = "dwarf-with-dsym";
				DEVELOPMENT_TEAM = KHE2D4P293;
				ENABLE_NS_ASSERTIONS = NO;
				ENABLE_STRICT_OBJC_MSGSEND = YES;
				ENABLE_USER_SCRIPT_SANDBOXING = YES;
				GCC_C_LANGUAGE_STANDARD = gnu17;
				GCC_NO_COMMON_BLOCKS = YES;
				GCC_WARN_64_TO_32_BIT_CONVERSION = YES;
				GCC_WARN_ABOUT_RETURN_TYPE = YES_ERROR;
				GCC_WARN_UNDECLARED_SELECTOR = YES;
				GCC_WARN_UNINITIALIZED_AUTOS = YES_AGGRESSIVE;
				GCC_WARN_UNUSED_FUNCTION = YES;
				GCC_WARN_UNUSED_VARIABLE = YES;
				LOCALIZATION_PREFERS_STRING_CATALOGS = YES;
				MTL_ENABLE_DEBUG_INFO = NO;
				MTL_FAST_MATH = YES;
				SDKROOT = appletvos;
				SWIFT_COMPILATION_MODE = wholemodule;
				TVOS_DEPLOYMENT_TARGET = 26.2;
				VALIDATE_PRODUCT = YES;
			};
			name = Release;
		};
		88869F2B2EF28252007C332A /* Debug */ = {
			isa = XCBuildConfiguration;
			buildSettings = {
				ASSETCATALOG_COMPILER_APPICON_NAME = "App Icon & Top Shelf Image";
				ASSETCATALOG_COMPILER_GLOBAL_ACCENT_COLOR_NAME = AccentColor;
				CODE_SIGN_ENTITLEMENTS = SwimStatsTV/SwimStatsTV.entitlements;
				CODE_SIGN_STYLE = Automatic;
				CURRENT_PROJECT_VERSION = 1;
				DEVELOPMENT_TEAM = KHE2D4P293;
				ENABLE_PREVIEWS = YES;
				GENERATE_INFOPLIST_FILE = YES;
				INFOPLIST_FILE = SwimStatsTV/Info.plist;
				INFOPLIST_KEY_UILaunchScreen_Generation = YES;
				INFOPLIST_KEY_UIUserInterfaceStyle = Automatic;
				LD_RUNPATH_SEARCH_PATHS = (
					"$(inherited)",
					"@executable_path/Frameworks",
				);
				MARKETING_VERSION = 1.0;
				PRODUCT_BUNDLE_IDENTIFIER = aruslan.me.SwimStatsTV;
				PRODUCT_NAME = "$(TARGET_NAME)";
				STRING_CATALOG_GENERATE_SYMBOLS = YES;
				SWIFT_APPROACHABLE_CONCURRENCY = YES;
				SWIFT_DEFAULT_ACTOR_ISOLATION = MainActor;
				SWIFT_EMIT_LOC_STRINGS = YES;
				SWIFT_UPCOMING_FEATURE_MEMBER_IMPORT_VISIBILITY = YES;
				SWIFT_VERSION = 5.0;
				TARGETED_DEVICE_FAMILY = 3;
				TVOS_DEPLOYMENT_TARGET = 26.1;
			};
			name = Debug;
		};
		88869F2C2EF28252007C332A /* Release */ = {
			isa = XCBuildConfiguration;
			buildSettings = {
				ASSETCATALOG_COMPILER_APPICON_NAME = "App Icon & Top Shelf Image";
				ASSETCATALOG_COMPILER_GLOBAL_ACCENT_COLOR_NAME = AccentColor;
				CODE_SIGN_ENTITLEMENTS = SwimStatsTV/SwimStatsTV.entitlements;
				CODE_SIGN_STYLE = Automatic;
				CURRENT_PROJECT_VERSION = 1;
				DEVELOPMENT_TEAM = KHE2D4P293;
				ENABLE_PREVIEWS = YES;
				GENERATE_INFOPLIST_FILE = YES;
				INFOPLIST_FILE = SwimStatsTV/Info.plist;
				INFOPLIST_KEY_UILaunchScreen_Generation = YES;
				INFOPLIST_KEY_UIUserInterfaceStyle = Automatic;
				LD_RUNPATH_SEARCH_PATHS = (
					"$(inherited)",
					"@executable_path/Frameworks",
				);
				MARKETING_VERSION = 1.0;
				PRODUCT_BUNDLE_IDENTIFIER = aruslan.me.SwimStatsTV;
				PRODUCT_NAME = "$(TARGET_NAME)";
				STRING_CATALOG_GENERATE_SYMBOLS = YES;
				SWIFT_APPROACHABLE_CONCURRENCY = YES;
				SWIFT_DEFAULT_ACTOR_ISOLATION = MainActor;
				SWIFT_EMIT_LOC_STRINGS = YES;
				SWIFT_UPCOMING_FEATURE_MEMBER_IMPORT_VISIBILITY = YES;
				SWIFT_VERSION = 5.0;
				TARGETED_DEVICE_FAMILY = 3;
				TVOS_DEPLOYMENT_TARGET = 26.1;
			};
			name = Release;
		};
		88869F482EF283E6007C332A /* Debug */ = {
			isa = XCBuildConfiguration;
			buildSettings = {
				CODE_SIGN_ENTITLEMENTS = SwimStatsTVTopShelf/SwimStatsTVTopShelf.entitlements;
				CODE_SIGN_STYLE = Automatic;
				CURRENT_PROJECT_VERSION = 1;
				DEVELOPMENT_TEAM = KHE2D4P293;
				GENERATE_INFOPLIST_FILE = YES;
				INFOPLIST_FILE = SwimStatsTVTopShelf/Info.plist;
				INFOPLIST_KEY_CFBundleDisplayName = SwimStatsTVTopShelf;
				INFOPLIST_KEY_NSHumanReadableCopyright = "";
				LD_RUNPATH_SEARCH_PATHS = (
					"$(inherited)",
					"@executable_path/Frameworks",
					"@executable_path/../../Frameworks",
				);
				MARKETING_VERSION = 1.0;
				PRODUCT_BUNDLE_IDENTIFIER = aruslan.me.SwimStatsTV.SwimStatsTVTopShelf;
				PRODUCT_NAME = "$(TARGET_NAME)";
				SKIP_INSTALL = YES;
				STRING_CATALOG_GENERATE_SYMBOLS = YES;
				SWIFT_APPROACHABLE_CONCURRENCY = YES;
				SWIFT_EMIT_LOC_STRINGS = YES;
				SWIFT_UPCOMING_FEATURE_MEMBER_IMPORT_VISIBILITY = YES;
				SWIFT_VERSION = 5.0;
				TARGETED_DEVICE_FAMILY = 3;
				TVOS_DEPLOYMENT_TARGET = 26.1;
			};
			name = Debug;
		};
		88869F492EF283E6007C332A /* Release */ = {
			isa = XCBuildConfiguration;
			buildSettings = {
				CODE_SIGN_ENTITLEMENTS = SwimStatsTVTopShelf/SwimStatsTVTopShelf.entitlements;
				CODE_SIGN_STYLE = Automatic;
				CURRENT_PROJECT_VERSION = 1;
				DEVELOPMENT_TEAM = KHE2D4P293;
				GENERATE_INFOPLIST_FILE = YES;
				INFOPLIST_FILE = SwimStatsTVTopShelf/Info.plist;
				INFOPLIST_KEY_CFBundleDisplayName = SwimStatsTVTopShelf;
				INFOPLIST_KEY_NSHumanReadableCopyright = "";
				LD_RUNPATH_SEARCH_PATHS = (
					"$(inherited)",
					"@executable_path/Frameworks",
					"@executable_path/../../Frameworks",
				);
				MARKETING_VERSION = 1.0;
				PRODUCT_BUNDLE_IDENTIFIER = aruslan.me.SwimStatsTV.SwimStatsTVTopShelf;
				PRODUCT_NAME = "$(TARGET_NAME)";
				SKIP_INSTALL = YES;
				STRING_CATALOG_GENERATE_SYMBOLS = YES;
				SWIFT_APPROACHABLE_CONCURRENCY = YES;
				SWIFT_EMIT_LOC_STRINGS = YES;
				SWIFT_UPCOMING_FEATURE_MEMBER_IMPORT_VISIBILITY = YES;
				SWIFT_VERSION = 5.0;
				TARGETED_DEVICE_FAMILY = 3;
				TVOS_DEPLOYMENT_TARGET = 26.1;
			};
			name = Release;
		};
/* End XCBuildConfiguration section */

/* Begin XCConfigurationList section */
		88869F1A2EF28250007C332A /* Build configuration list for PBXProject "SwimStatsTV" */ = {
			isa = XCConfigurationList;
			buildConfigurations = (
				88869F282EF28252007C332A /* Debug */,
				88869F292EF28252007C332A /* Release */,
			);
			defaultConfigurationIsVisible = 0;
			defaultConfigurationName = Release;
		};
		88869F2A2EF28252007C332A /* Build configuration list for PBXNativeTarget "SwimStatsTV" */ = {
			isa = XCConfigurationList;
			buildConfigurations = (
				88869F2B2EF28252007C332A /* Debug */,
				88869F2C2EF28252007C332A /* Release */,
			);
			defaultConfigurationIsVisible = 0;
			defaultConfigurationName = Release;
		};
		88869F472EF283E6007C332A /* Build configuration list for PBXNativeTarget "SwimStatsTVTopShelf" */ = {
			isa = XCConfigurationList;
			buildConfigurations = (
				88869F482EF283E6007C332A /* Debug */,
				88869F492EF283E6007C332A /* Release */,
			);
			defaultConfigurationIsVisible = 0;
			defaultConfigurationName = Release;
		};
/* End XCConfigurationList section */
	};
	rootObject = 88869F172EF28250007C332A /* Project object */;
}
